
Microsoft Visual Studio Solution File, Format Version 12.00
# Visual Studio Version 16
VisualStudioVersion = 16.0.31613.86
MinimumVisualStudioVersion = 10.0.40219.1
Project("{FAE04EC0-301F-11D3-BF4B-00C04F79EFBC}") = "WebMVCExample", "WebMVCExample\WebMVCExample.csproj", "{EE7B66FC-9734-49D3-A17A-ED2760734018}"
EndProject
Global
	GlobalSection(SolutionConfigurationPlatforms) = preSolution
		Debug|Any CPU = Debug|Any CPU
		Release|Any CPU = Release|Any CPU
	EndGlobalSection
	GlobalSection(ProjectConfigurationPlatforms) = postSolution
		{EE7B66FC-9734-49D3-A17A-ED2760734018}.Debug|Any CPU.ActiveCfg = Debug|Any CPU
		{EE7B66FC-9734-49D3-A17A-ED2760734018}.Debug|Any CPU.Build.0 = Debug|Any CPU
		{EE7B66FC-9734-49D3-A17A-ED2760734018}.Release|Any CPU.ActiveCfg = Release|Any CPU
		{EE7B66FC-9734-49D3-A17A-ED2760734018}.Release|Any CPU.Build.0 = Release|Any CPU
	EndGlobalSection
	GlobalSection(SolutionProperties) = preSolution
		HideSolutionNode = FALSE
	EndGlobalSection
	GlobalSection(ExtensibilityGlobals) = postSolution
		SolutionGuid = {DFD57DF4-1829-4761-B8E1-FE6DA15483BC}
	EndGlobalSection
EndGlobal
